
Microsoft Visual Studio Solution File, Format Version 12.00
# Visual Studio Version 17
VisualStudioVersion = 17.3.32901.215
MinimumVisualStudioVersion = 10.0.40219.1
Project("{FAE04EC0-301F-11D3-BF4B-00C04F79EFBC}") = "EntityFrameworkCore.ConsoleApp", "EntityFrameworkCore.ConsoleApp\EntityFrameworkCore.ConsoleApp.csproj", "{AD0B6915-E67C-4ACE-9FD4-89A1A7CA520F}"
EndProject
Project("{FAE04EC0-301F-11D3-BF4B-00C04F79EFBC}") = "EntityFramework.Data", "ENtityFramework.Data\EntityFramework.Data.csproj", "{63041177-01D1-45CF-A456-A2EC8DA167F1}"
EndProject
Project("{FAE04EC0-301F-11D3-BF4B-00C04F79EFBC}") = "EntityFramework.Domain", "EntityFramework.Domain\EntityFramework.Domain.csproj", "{F18CCFC0-AF7E-4598-AEE5-20A3BD337122}"
EndProject
Global
	GlobalSection(SolutionConfigurationPlatforms) = preSolution
		Debug|Any CPU = Debug|Any CPU
		Release|Any CPU = Release|Any CPU
	EndGlobalSection
	GlobalSection(ProjectConfigurationPlatforms) = postSolution
		{AD0B6915-E67C-4ACE-9FD4-89A1A7CA520F}.Debug|Any CPU.ActiveCfg = Debug|Any CPU
		{AD0B6915-E67C-4ACE-9FD4-89A1A7CA520F}.Debug|Any CPU.Build.0 = Debug|Any CPU
		{AD0B6915-E67C-4ACE-9FD4-89A1A7CA520F}.Release|Any CPU.ActiveCfg = Release|Any CPU
		{AD0B6915-E67C-4ACE-9FD4-89A1A7CA520F}.Release|Any CPU.Build.0 = Release|Any CPU
		{63041177-01D1-45CF-A456-A2EC8DA167F1}.Debug|Any CPU.ActiveCfg = Debug|Any CPU
		{63041177-01D1-45CF-A456-A2EC8DA167F1}.Debug|Any CPU.Build.0 = Debug|Any CPU
		{63041177-01D1-45CF-A456-A2EC8DA167F1}.Release|Any CPU.ActiveCfg = Release|Any CPU
		{63041177-01D1-45CF-A456-A2EC8DA167F1}.Release|Any CPU.Build.0 = Release|Any CPU
		{F18CCFC0-AF7E-4598-AEE5-20A3BD337122}.Debug|Any CPU.ActiveCfg = Debug|Any CPU
		{F18CCFC0-AF7E-4598-AEE5-20A3BD337122}.Debug|Any CPU.Build.0 = Debug|Any CPU
		{F18CCFC0-AF7E-4598-AEE5-20A3BD337122}.Release|Any CPU.ActiveCfg = Release|Any CPU
		{F18CCFC0-AF7E-4598-AEE5-20A3BD337122}.Release|Any CPU.Build.0 = Release|Any CPU
	EndGlobalSection
	GlobalSection(SolutionProperties) = preSolution
		HideSolutionNode = FALSE
	EndGlobalSection
	GlobalSection(ExtensibilityGlobals) = postSolution
		SolutionGuid = {92DBD08A-EFBE-42E6-BA47-C8A88E9E9304}
	EndGlobalSection
EndGlobal
